# This file is autogenerated, do not edit; changes may be undone by the next 'dep ensure'.


[[projects]]
  branch = "master"
  digest = "1:84962fedc9b0ece6efb334758ff35944d7b530e989e5f78c77361208d9c6d01d"
  name = "github.com/AllenDang/simhash"
  packages = ["."]
  pruneopts = "UT"
  revision = "eb7ce13bfe0675703c317585ecfbf67e77528c6e"

[[projects]]
  branch = "master"
  digest = "1:1db49eb95ad31b41f76112b110a774e6f5c04f56727cba2713c8af6443ad1ec3"
  name = "github.com/dexyk/stringosim"
  packages = ["."]
  pruneopts = "UT"
  revision = "9d0b3e91a842028645913185c2528fe8a30883ad"

[[projects]]
  branch = "master"
  digest = "1:a38c75e7edd595bbaa03334c1ac26163a5e990d81f05cd9ec5fd0edc9c786078"
  name = "github.com/texttheater/golang-levenshtein"
  packages = ["levenshtein"]
  pruneopts = "UT"
  revision = "d188e65d659ef53fcdb0691c12f1bba64928b649"

[solve-meta]
  analyzer-name = "dep"
  analyzer-version = 1
  input-imports = [
    "github.com/AllenDang/simhash",
    "github.com/dexyk/stringosim",
    "github.com/texttheater/golang-levenshtein/levenshtein",
  ]
  solver-name = "gps-cdcl"
  solver-version = 1
